
Microsoft Visual Studio Solution File, Format Version 12.00
# Visual Studio Version 16
VisualStudioVersion = 25.0.1704.5
MinimumVisualStudioVersion = 10.0.40219.1
Project("{FAE04EC0-301F-11D3-BF4B-00C04F79EFBC}") = "SF-Module-10-FinalTask", "SF-Module-10-FinalTask\SF-Module-10-FinalTask.csproj", "{3F776036-05A2-44D8-AC51-BE9E727A252C}"
EndProject
Global
	GlobalSection(SolutionConfigurationPlatforms) = preSolution
		Debug|Any CPU = Debug|Any CPU
		Release|Any CPU = Release|Any CPU
	EndGlobalSection
	GlobalSection(ProjectConfigurationPlatforms) = postSolution
		{3F776036-05A2-44D8-AC51-BE9E727A252C}.Debug|Any CPU.ActiveCfg = Debug|Any CPU
		{3F776036-05A2-44D8-AC51-BE9E727A252C}.Debug|Any CPU.Build.0 = Debug|Any CPU
		{3F776036-05A2-44D8-AC51-BE9E727A252C}.Release|Any CPU.ActiveCfg = Release|Any CPU
		{3F776036-05A2-44D8-AC51-BE9E727A252C}.Release|Any CPU.Build.0 = Release|Any CPU
	EndGlobalSection
	GlobalSection(SolutionProperties) = preSolution
		HideSolutionNode = FALSE
	EndGlobalSection
	GlobalSection(ExtensibilityGlobals) = postSolution
		SolutionGuid = {A4596DF6-E8DA-41D6-A0F0-A0C10DE89C04}
	EndGlobalSection
EndGlobal
